
Microsoft Visual Studio Solution File, Format Version 12.00
# Visual Studio Version 17
VisualStudioVersion = 17.5.33516.290
MinimumVisualStudioVersion = 10.0.40219.1
Project("{FAE04EC0-301F-11D3-BF4B-00C04F79EFBC}") = "OrnekDatatable", "OrnekDatatable\OrnekDatatable.csproj", "{7EF7542E-F28A-48EF-8D5A-00659F618640}"
EndProject
Global
	GlobalSection(SolutionConfigurationPlatforms) = preSolution
		Debug|Any CPU = Debug|Any CPU
		Release|Any CPU = Release|Any CPU
	EndGlobalSection
	GlobalSection(ProjectConfigurationPlatforms) = postSolution
		{7EF7542E-F28A-48EF-8D5A-00659F618640}.Debug|Any CPU.ActiveCfg = Debug|Any CPU
		{7EF7542E-F28A-48EF-8D5A-00659F618640}.Debug|Any CPU.Build.0 = Debug|Any CPU
		{7EF7542E-F28A-48EF-8D5A-00659F618640}.Release|Any CPU.ActiveCfg = Release|Any CPU
		{7EF7542E-F28A-48EF-8D5A-00659F618640}.Release|Any CPU.Build.0 = Release|Any CPU
	EndGlobalSection
	GlobalSection(SolutionProperties) = preSolution
		HideSolutionNode = FALSE
	EndGlobalSection
	GlobalSection(ExtensibilityGlobals) = postSolution
		SolutionGuid = {821C0152-1913-43EA-AE78-0A2EEF68F264}
	EndGlobalSection
EndGlobal
